# THIS IS AN AUTOGENERATED FILE. DO NOT EDIT THIS FILE DIRECTLY.
# yarn lockfile v1


"@cloudflare/workers-types@^3":
  version "3.7.1"
  resolved "https://registry.yarnpkg.com/@cloudflare/workers-types/-/workers-types-3.7.1.tgz#d6fbc327f547bf0dc85aa103c6df691999a944b0"
  integrity sha512-GJU304vzbKI9SvEsdBp/ObYClWe+7Fc0vyKPNia1VWi9Cj2WVsRaH2tXaQPMgAhjsFrQLhI3lBAkMhFPhBVliQ==

prettier@^2:
  version "2.6.2"
  resolved "https://registry.yarnpkg.com/prettier/-/prettier-2.6.2.tgz#e26d71a18a74c3d0f0597f55f01fb6c06c206032"
  integrity sha512-PkUpF+qoXTqhOeWL9fu7As8LXsIUZ1WYaJiY/a7McAQzxjk82OF0tibkFXVCDImZtWxbvojFjerkiLb0/q8mew==
